
Microsoft Visual Studio Solution File, Format Version 12.00
# Visual Studio 2012
Project("{FAE04EC0-301F-11D3-BF4B-00C04F79EFBC}") = "seqMaze", "seqMaze\seqMaze.csproj", "{2AC1E7A0-4056-44A6-81CE-05FF3BC3685A}"
EndProject
Global
	GlobalSection(SolutionConfigurationPlatforms) = preSolution
		Debug|Any CPU = Debug|Any CPU
		Release|Any CPU = Release|Any CPU
	EndGlobalSection
	GlobalSection(ProjectConfigurationPlatforms) = postSolution
		{2AC1E7A0-4056-44A6-81CE-05FF3BC3685A}.Debug|Any CPU.ActiveCfg = Debug|Any CPU
		{2AC1E7A0-4056-44A6-81CE-05FF3BC3685A}.Debug|Any CPU.Build.0 = Debug|Any CPU
		{2AC1E7A0-4056-44A6-81CE-05FF3BC3685A}.Release|Any CPU.ActiveCfg = Release|Any CPU
		{2AC1E7A0-4056-44A6-81CE-05FF3BC3685A}.Release|Any CPU.Build.0 = Release|Any CPU
	EndGlobalSection
	GlobalSection(SolutionProperties) = preSolution
		HideSolutionNode = FALSE
	EndGlobalSection
EndGlobal
